<?xml version="1.0" encoding="utf-8"?>
<Project ToolsVersion="4.0" xmlns="http://schemas.microsoft.com/developer/msbuild/2003">
  <ItemGroup>
    <ClCompile Include="BrowserPasswordRecoveryApp.cpp">
      <Filter>Sources</Filter>
    </ClCompile>
    <ClCompile Include="BrowserPasswordRecoveryDlg.cpp">
      <Filter>Sources</Filter>
    </ClCompile>
    <ClCompile Include="PasswordDecryptor.cpp">
      <Filter>Sources</Filter>
    </ClCompile>
    <ClCompile Include="PasswordRecords.cpp">
      <Filter>Sources</Filter>
    </ClCompile>
    <ClCompile Include="PasswordRecoveryChrome.cpp">
      <Filter>Sources</Filter>
    </ClCompile>
    <ClCompile Include="PasswordRecoveryFirefox.cpp">
      <Filter>Sources</Filter>
    </ClCompile>
    <ClCompile Include="PasswordRecoveryInternetExplorer.cpp">
      <Filter>Sources</Filter>
    </ClCompile>
    <ClCompile Include="PasswordRecoveryManager.cpp">
      <Filter>Sources</Filter>
    </ClCompile>
    <ClCompile Include="PasswordRecoveryOpera.cpp">
      <Filter>Sources</Filter>
    </ClCompile>
    <ClCompile Include="StringHelper.cpp">
      <Filter>Sources</Filter>
    </ClCompile>
    <ClCompile Include="stdafx.cpp">
      <Filter>Sources</Filter>
    </ClCompile>
    <ClCompile Include="..\3rdpart\sqlite3\sqlite3.c">
      <Filter>Sqlite3</Filter>
    </ClCompile>
  </ItemGroup>
  <ItemGroup>
    <ClInclude Include="BrowserPasswordRecoveryApp.h">
      <Filter>Includes</Filter>
    </ClInclude>
    <ClInclude Include="BrowserPasswordRecoveryDlg.h">
      <Filter>Includes</Filter>
    </ClInclude>
    <ClInclude Include="InternetExplorerSecret.h">
      <Filter>Includes</Filter>
    </ClInclude>
    <ClInclude Include="InternetExplorerVault.h">
      <Filter>Includes</Filter>
    </ClInclude>
    <ClInclude Include="PasswordDecryptor.h">
      <Filter>Includes</Filter>
    </ClInclude>
    <ClInclude Include="PasswordRecords.h">
      <Filter>Includes</Filter>
    </ClInclude>
    <ClInclude Include="PasswordRecovery.h">
      <Filter>Includes</Filter>
    </ClInclude>
    <ClInclude Include="PasswordRecoveryManager.h">
      <Filter>Includes</Filter>
    </ClInclude>
    <ClInclude Include="StringHelper.h">
      <Filter>Includes</Filter>
    </ClInclude>
    <ClInclude Include="WindowVersion.h">
      <Filter>Includes</Filter>
    </ClInclude>
    <ClInclude Include="Resource.h">
      <Filter>Resources</Filter>
    </ClInclude>
    <ClInclude Include="targetver.h">
      <Filter>Includes</Filter>
    </ClInclude>
    <ClInclude Include="stdafx.h">
      <Filter>Includes</Filter>
    </ClInclude>
    <ClInclude Include="..\3rdpart\sqlite3\sqlite3.h">
      <Filter>Sqlite3</Filter>
    </ClInclude>
    <ClInclude Include="..\3rdpart\sqlite3\sqlite3ext.h">
      <Filter>Sqlite3</Filter>
    </ClInclude>
  </ItemGroup>
  <ItemGroup>
    <Filter Include="Sources">
      <UniqueIdentifier>{7e705cc8-d467-4ea9-8f24-fabbef87437c}</UniqueIdentifier>
    </Filter>
    <Filter Include="Includes">
      <UniqueIdentifier>{af3fcdb3-0d7f-420b-ae56-345bca853f6e}</UniqueIdentifier>
    </Filter>
    <Filter Include="Resources">
      <UniqueIdentifier>{e5537c75-591f-43bd-93da-b3511af3dfad}</UniqueIdentifier>
    </Filter>
    <Filter Include="Sqlite3">
      <UniqueIdentifier>{64c49342-cdd2-4837-bc1f-0e31973ac0ee}</UniqueIdentifier>
    </Filter>
  </ItemGroup>
  <ItemGroup>
    <None Include="res\BrowserPasswordRecovery.rc2">
      <Filter>Resources</Filter>
    </None>
  </ItemGroup>
  <ItemGroup>
    <ResourceCompile Include="BrowserPasswordRecovery.rc">
      <Filter>Resources</Filter>
    </ResourceCompile>
  </ItemGroup>
  <ItemGroup>
    <Image Include="res\BrowserPasswordRecovery.ico">
      <Filter>Resources</Filter>
    </Image>
  </ItemGroup>
</Project>